{
  "name": "colloge_competition",
  "version": "1.0.0",
  "lockfileVersion": 2,
  "requires": true,
  "packages": {
    "": {
      "name": "colloge_competition",
      "version": "1.0.0",
      "license": "ISC",
      "dependencies": {
        "@vant/weapp": "^1.10.5",
        "vant-weapp": "^0.5.23"
      }
    },
    "node_modules/@vant/weapp": {
      "version": "1.10.5",
      "resolved": "https://registry.npmjs.org/@vant/weapp/-/weapp-1.10.5.tgz",
      "integrity": "sha512-bAHp9r0ZiRsOqPOLzQHI/ZvkAlXzol1/TFhM70MyghuxkzJTjcDUd8RIfLkCN3c1MCK/PfBGw2an8/afygftCg=="
    },
    "node_modules/vant-weapp": {
      "version": "0.5.23",
      "resolved": "http://r.cnpmjs.org/vant-weapp/download/vant-weapp-0.5.23.tgz",
      "integrity": "sha1-49zxYuFfdOZjeptviOMkrPELUVU="
    }
  },
  "dependencies": {
    "@vant/weapp": {
      "version": "1.10.5",
      "resolved": "https://registry.npmjs.org/@vant/weapp/-/weapp-1.10.5.tgz",
      "integrity": "sha512-bAHp9r0ZiRsOqPOLzQHI/ZvkAlXzol1/TFhM70MyghuxkzJTjcDUd8RIfLkCN3c1MCK/PfBGw2an8/afygftCg=="
    },
    "vant-weapp": {
      "version": "0.5.23",
      "resolved": "http://r.cnpmjs.org/vant-weapp/download/vant-weapp-0.5.23.tgz",
      "integrity": "sha1-49zxYuFfdOZjeptviOMkrPELUVU="
    }
  }
}
